
Microsoft Visual Studio Solution File, Format Version 12.00
# Visual Studio Version 16
VisualStudioVersion = 16.0.29806.167
MinimumVisualStudioVersion = 10.0.40219.1
Project("{2150E333-8FDC-42A3-9474-1A3956D46DE8}") = "Search-Algorithm", "Search-Algorithm", "{636B9A89-2F8D-41CA-84E7-08ED04C695AF}"
EndProject
Project("{2150E333-8FDC-42A3-9474-1A3956D46DE8}") = "Sort-Algorithm", "Sort-Algorithm", "{E1BF772E-B6B5-4EC9-9D90-6CAA4A1F393C}"
EndProject
Project("{9A19103F-16F7-4668-BE54-9A1E7A4F7556}") = "Bubblesort", "Sortingalgorithms\Bubblesort\Bubblesort.csproj", "{D56A1303-7464-4D1F-9651-181A4CF9350D}"
EndProject
Project("{FAE04EC0-301F-11D3-BF4B-00C04F79EFBC}") = "Mergesort", "Sortingalgorithms\Mergesort\Mergesort.csproj", "{993336DF-6DC4-4D60-9B9A-345E1E3C4113}"
EndProject
Project("{9A19103F-16F7-4668-BE54-9A1E7A4F7556}") = "Heapsort", "Sortingalgorithms\Heapsort\Heapsort.csproj", "{A5A78640-C2F0-47AD-88E5-FC9D315AD202}"
EndProject
Project("{9A19103F-16F7-4668-BE54-9A1E7A4F7556}") = "Datastructures", "BehindTheScene\Datastructures\Datastructures.csproj", "{EBDB95E4-AAFA-4C6C-9AC0-E001247F96E7}"
EndProject
Project("{2150E333-8FDC-42A3-9474-1A3956D46DE8}") = "Behind-The-Scene", "Behind-The-Scene", "{6A2FA37C-57F6-4B80-829A-8755B55FB420}"
EndProject
Project("{FAE04EC0-301F-11D3-BF4B-00C04F79EFBC}") = "Insertionsort", "Sortingalgorithms\Insertionsort\Insertionsort.csproj", "{F41C63CB-DC48-4196-A3CD-F31FDCC163FE}"
EndProject
Project("{FAE04EC0-301F-11D3-BF4B-00C04F79EFBC}") = "Quicksort", "Sortingalgorithms\Quicksort\Quicksort.csproj", "{915D0E8B-1F1B-437B-A5A8-707408F7A792}"
EndProject
Project("{FAE04EC0-301F-11D3-BF4B-00C04F79EFBC}") = "Selectionsort", "Sortingalgorithms\Selectionsort\Selectionsort.csproj", "{D4ECB1DA-34A1-4B56-9B9B-8DC14C297526}"
EndProject
Project("{FAE04EC0-301F-11D3-BF4B-00C04F79EFBC}") = "Shellsort", "Sortingalgorithms\Shellsort\Shellsort.csproj", "{5B4D90BA-FAD8-48AE-B5DF-C02FA10F789A}"
EndProject
Project("{FAE04EC0-301F-11D3-BF4B-00C04F79EFBC}") = "Bucketsort", "Sortingalgorithms\Bucketsort\Bucketsort.csproj", "{E56012F6-69B0-4ACA-8DC3-076BBD102244}"
EndProject
Project("{FAE04EC0-301F-11D3-BF4B-00C04F79EFBC}") = "Countingsort", "Sortingalgorithms\Countingsort\Countingsort.csproj", "{C1180E45-7B57-42CC-81DE-BAB5081D575B}"
EndProject
Project("{FAE04EC0-301F-11D3-BF4B-00C04F79EFBC}") = "Radixsort", "Sortingalgorithms\Radixsort\Radixsort.csproj", "{561E3F37-C0BB-4C29-9D33-10973F80CCF7}"
EndProject
Project("{FAE04EC0-301F-11D3-BF4B-00C04F79EFBC}") = "BinarySearch", "Searchalgorithms\BinarySearch\BinarySearch.csproj", "{BF73842D-B080-413B-B6DA-F53B15CA1353}"
EndProject
Global
	GlobalSection(SolutionConfigurationPlatforms) = preSolution
		Debug|Any CPU = Debug|Any CPU
		Release|Any CPU = Release|Any CPU
	EndGlobalSection
	GlobalSection(ProjectConfigurationPlatforms) = postSolution
		{D56A1303-7464-4D1F-9651-181A4CF9350D}.Debug|Any CPU.ActiveCfg = Debug|Any CPU
		{D56A1303-7464-4D1F-9651-181A4CF9350D}.Debug|Any CPU.Build.0 = Debug|Any CPU
		{D56A1303-7464-4D1F-9651-181A4CF9350D}.Release|Any CPU.ActiveCfg = Release|Any CPU
		{D56A1303-7464-4D1F-9651-181A4CF9350D}.Release|Any CPU.Build.0 = Release|Any CPU
		{993336DF-6DC4-4D60-9B9A-345E1E3C4113}.Debug|Any CPU.ActiveCfg = Debug|Any CPU
		{993336DF-6DC4-4D60-9B9A-345E1E3C4113}.Debug|Any CPU.Build.0 = Debug|Any CPU
		{993336DF-6DC4-4D60-9B9A-345E1E3C4113}.Release|Any CPU.ActiveCfg = Release|Any CPU
		{993336DF-6DC4-4D60-9B9A-345E1E3C4113}.Release|Any CPU.Build.0 = Release|Any CPU
		{A5A78640-C2F0-47AD-88E5-FC9D315AD202}.Debug|Any CPU.ActiveCfg = Debug|Any CPU
		{A5A78640-C2F0-47AD-88E5-FC9D315AD202}.Debug|Any CPU.Build.0 = Debug|Any CPU
		{A5A78640-C2F0-47AD-88E5-FC9D315AD202}.Release|Any CPU.ActiveCfg = Release|Any CPU
		{A5A78640-C2F0-47AD-88E5-FC9D315AD202}.Release|Any CPU.Build.0 = Release|Any CPU
		{EBDB95E4-AAFA-4C6C-9AC0-E001247F96E7}.Debug|Any CPU.ActiveCfg = Debug|Any CPU
		{EBDB95E4-AAFA-4C6C-9AC0-E001247F96E7}.Debug|Any CPU.Build.0 = Debug|Any CPU
		{EBDB95E4-AAFA-4C6C-9AC0-E001247F96E7}.Release|Any CPU.ActiveCfg = Release|Any CPU
		{EBDB95E4-AAFA-4C6C-9AC0-E001247F96E7}.Release|Any CPU.Build.0 = Release|Any CPU
		{F41C63CB-DC48-4196-A3CD-F31FDCC163FE}.Debug|Any CPU.ActiveCfg = Debug|Any CPU
		{F41C63CB-DC48-4196-A3CD-F31FDCC163FE}.Debug|Any CPU.Build.0 = Debug|Any CPU
		{F41C63CB-DC48-4196-A3CD-F31FDCC163FE}.Release|Any CPU.ActiveCfg = Release|Any CPU
		{F41C63CB-DC48-4196-A3CD-F31FDCC163FE}.Release|Any CPU.Build.0 = Release|Any CPU
		{915D0E8B-1F1B-437B-A5A8-707408F7A792}.Debug|Any CPU.ActiveCfg = Debug|Any CPU
		{915D0E8B-1F1B-437B-A5A8-707408F7A792}.Debug|Any CPU.Build.0 = Debug|Any CPU
		{915D0E8B-1F1B-437B-A5A8-707408F7A792}.Release|Any CPU.ActiveCfg = Release|Any CPU
		{915D0E8B-1F1B-437B-A5A8-707408F7A792}.Release|Any CPU.Build.0 = Release|Any CPU
		{D4ECB1DA-34A1-4B56-9B9B-8DC14C297526}.Debug|Any CPU.ActiveCfg = Debug|Any CPU
		{D4ECB1DA-34A1-4B56-9B9B-8DC14C297526}.Debug|Any CPU.Build.0 = Debug|Any CPU
		{D4ECB1DA-34A1-4B56-9B9B-8DC14C297526}.Release|Any CPU.ActiveCfg = Release|Any CPU
		{D4ECB1DA-34A1-4B56-9B9B-8DC14C297526}.Release|Any CPU.Build.0 = Release|Any CPU
		{5B4D90BA-FAD8-48AE-B5DF-C02FA10F789A}.Debug|Any CPU.ActiveCfg = Debug|Any CPU
		{5B4D90BA-FAD8-48AE-B5DF-C02FA10F789A}.Debug|Any CPU.Build.0 = Debug|Any CPU
		{5B4D90BA-FAD8-48AE-B5DF-C02FA10F789A}.Release|Any CPU.ActiveCfg = Release|Any CPU
		{5B4D90BA-FAD8-48AE-B5DF-C02FA10F789A}.Release|Any CPU.Build.0 = Release|Any CPU
		{E56012F6-69B0-4ACA-8DC3-076BBD102244}.Debug|Any CPU.ActiveCfg = Debug|Any CPU
		{E56012F6-69B0-4ACA-8DC3-076BBD102244}.Debug|Any CPU.Build.0 = Debug|Any CPU
		{E56012F6-69B0-4ACA-8DC3-076BBD102244}.Release|Any CPU.ActiveCfg = Release|Any CPU
		{E56012F6-69B0-4ACA-8DC3-076BBD102244}.Release|Any CPU.Build.0 = Release|Any CPU
		{C1180E45-7B57-42CC-81DE-BAB5081D575B}.Debug|Any CPU.ActiveCfg = Debug|Any CPU
		{C1180E45-7B57-42CC-81DE-BAB5081D575B}.Debug|Any CPU.Build.0 = Debug|Any CPU
		{C1180E45-7B57-42CC-81DE-BAB5081D575B}.Release|Any CPU.ActiveCfg = Release|Any CPU
		{C1180E45-7B57-42CC-81DE-BAB5081D575B}.Release|Any CPU.Build.0 = Release|Any CPU
		{561E3F37-C0BB-4C29-9D33-10973F80CCF7}.Debug|Any CPU.ActiveCfg = Debug|Any CPU
		{561E3F37-C0BB-4C29-9D33-10973F80CCF7}.Debug|Any CPU.Build.0 = Debug|Any CPU
		{561E3F37-C0BB-4C29-9D33-10973F80CCF7}.Release|Any CPU.ActiveCfg = Release|Any CPU
		{561E3F37-C0BB-4C29-9D33-10973F80CCF7}.Release|Any CPU.Build.0 = Release|Any CPU
		{BF73842D-B080-413B-B6DA-F53B15CA1353}.Debug|Any CPU.ActiveCfg = Debug|Any CPU
		{BF73842D-B080-413B-B6DA-F53B15CA1353}.Debug|Any CPU.Build.0 = Debug|Any CPU
		{BF73842D-B080-413B-B6DA-F53B15CA1353}.Release|Any CPU.ActiveCfg = Release|Any CPU
		{BF73842D-B080-413B-B6DA-F53B15CA1353}.Release|Any CPU.Build.0 = Release|Any CPU
	EndGlobalSection
	GlobalSection(SolutionProperties) = preSolution
		HideSolutionNode = FALSE
	EndGlobalSection
	GlobalSection(NestedProjects) = preSolution
		{D56A1303-7464-4D1F-9651-181A4CF9350D} = {E1BF772E-B6B5-4EC9-9D90-6CAA4A1F393C}
		{993336DF-6DC4-4D60-9B9A-345E1E3C4113} = {E1BF772E-B6B5-4EC9-9D90-6CAA4A1F393C}
		{A5A78640-C2F0-47AD-88E5-FC9D315AD202} = {E1BF772E-B6B5-4EC9-9D90-6CAA4A1F393C}
		{EBDB95E4-AAFA-4C6C-9AC0-E001247F96E7} = {6A2FA37C-57F6-4B80-829A-8755B55FB420}
		{F41C63CB-DC48-4196-A3CD-F31FDCC163FE} = {E1BF772E-B6B5-4EC9-9D90-6CAA4A1F393C}
		{915D0E8B-1F1B-437B-A5A8-707408F7A792} = {E1BF772E-B6B5-4EC9-9D90-6CAA4A1F393C}
		{D4ECB1DA-34A1-4B56-9B9B-8DC14C297526} = {E1BF772E-B6B5-4EC9-9D90-6CAA4A1F393C}
		{5B4D90BA-FAD8-48AE-B5DF-C02FA10F789A} = {E1BF772E-B6B5-4EC9-9D90-6CAA4A1F393C}
		{E56012F6-69B0-4ACA-8DC3-076BBD102244} = {E1BF772E-B6B5-4EC9-9D90-6CAA4A1F393C}
		{C1180E45-7B57-42CC-81DE-BAB5081D575B} = {E1BF772E-B6B5-4EC9-9D90-6CAA4A1F393C}
		{561E3F37-C0BB-4C29-9D33-10973F80CCF7} = {E1BF772E-B6B5-4EC9-9D90-6CAA4A1F393C}
		{BF73842D-B080-413B-B6DA-F53B15CA1353} = {636B9A89-2F8D-41CA-84E7-08ED04C695AF}
	EndGlobalSection
	GlobalSection(ExtensibilityGlobals) = postSolution
		SolutionGuid = {3CF48B23-92F1-4549-A15A-14DAC1446AF8}
	EndGlobalSection
EndGlobal
